
Microsoft Visual Studio Solution File, Format Version 12.00
# Visual Studio 2012
Project("{FAE04EC0-301F-11D3-BF4B-00C04F79EFBC}") = "Mnix.Samples.SoapPlugin.Droid", "SoapPlugin\Mnix.Samples.SoapPlugin.Droid\Mnix.Samples.SoapPlugin.Droid.csproj", "{16912AC7-F4E8-4D24-801C-5C8F66EF6376}"
EndProject
Project("{FAE04EC0-301F-11D3-BF4B-00C04F79EFBC}") = "Mnix.Samples.SoapPlugin", "SoapPlugin\Mnix.Samples.SoapPlugin\Mnix.Samples.SoapPlugin.csproj", "{1438603F-2D2D-47B6-9281-AD9A404EF45E}"
EndProject
Project("{FAE04EC0-301F-11D3-BF4B-00C04F79EFBC}") = "Mnix.Plugins.Soap.Droid", "..\Mnix.Plugins\Soap\Mnix.Plugins.Soap.Droid\Mnix.Plugins.Soap.Droid.csproj", "{FC53A8B2-6148-4986-985B-C3C19E5E9135}"
EndProject
Project("{FAE04EC0-301F-11D3-BF4B-00C04F79EFBC}") = "Mnix.Plugins.Soap", "..\Mnix.Plugins\Soap\Mnix.Plugins.Soap\Mnix.Plugins.Soap.csproj", "{88052D6D-DAEB-4BC5-8FC0-8071E84D3FF6}"
EndProject
Global
	GlobalSection(SolutionConfigurationPlatforms) = preSolution
		Debug|Any CPU = Debug|Any CPU
		Release|Any CPU = Release|Any CPU
	EndGlobalSection
	GlobalSection(ProjectConfigurationPlatforms) = postSolution
		{16912AC7-F4E8-4D24-801C-5C8F66EF6376}.Debug|Any CPU.ActiveCfg = Debug|Any CPU
		{16912AC7-F4E8-4D24-801C-5C8F66EF6376}.Debug|Any CPU.Build.0 = Debug|Any CPU
		{16912AC7-F4E8-4D24-801C-5C8F66EF6376}.Debug|Any CPU.Deploy.0 = Debug|Any CPU
		{16912AC7-F4E8-4D24-801C-5C8F66EF6376}.Release|Any CPU.ActiveCfg = Release|Any CPU
		{16912AC7-F4E8-4D24-801C-5C8F66EF6376}.Release|Any CPU.Build.0 = Release|Any CPU
		{16912AC7-F4E8-4D24-801C-5C8F66EF6376}.Release|Any CPU.Deploy.0 = Release|Any CPU
		{1438603F-2D2D-47B6-9281-AD9A404EF45E}.Debug|Any CPU.ActiveCfg = Debug|Any CPU
		{1438603F-2D2D-47B6-9281-AD9A404EF45E}.Debug|Any CPU.Build.0 = Debug|Any CPU
		{1438603F-2D2D-47B6-9281-AD9A404EF45E}.Release|Any CPU.ActiveCfg = Release|Any CPU
		{1438603F-2D2D-47B6-9281-AD9A404EF45E}.Release|Any CPU.Build.0 = Release|Any CPU
		{FC53A8B2-6148-4986-985B-C3C19E5E9135}.Debug|Any CPU.ActiveCfg = Debug|Any CPU
		{FC53A8B2-6148-4986-985B-C3C19E5E9135}.Debug|Any CPU.Build.0 = Debug|Any CPU
		{FC53A8B2-6148-4986-985B-C3C19E5E9135}.Release|Any CPU.ActiveCfg = Release|Any CPU
		{FC53A8B2-6148-4986-985B-C3C19E5E9135}.Release|Any CPU.Build.0 = Release|Any CPU
		{88052D6D-DAEB-4BC5-8FC0-8071E84D3FF6}.Debug|Any CPU.ActiveCfg = Debug|Any CPU
		{88052D6D-DAEB-4BC5-8FC0-8071E84D3FF6}.Debug|Any CPU.Build.0 = Debug|Any CPU
		{88052D6D-DAEB-4BC5-8FC0-8071E84D3FF6}.Release|Any CPU.ActiveCfg = Release|Any CPU
		{88052D6D-DAEB-4BC5-8FC0-8071E84D3FF6}.Release|Any CPU.Build.0 = Release|Any CPU
	EndGlobalSection
	GlobalSection(SolutionProperties) = preSolution
		HideSolutionNode = FALSE
	EndGlobalSection
EndGlobal
