
Microsoft Visual Studio Solution File, Format Version 12.00
# Visual Studio 2012
Project("{FAE04EC0-301F-11D3-BF4B-00C04F79EFBC}") = "Mnix.DialogPluginSample", "Mnix.DialogPluginSample\Mnix.DialogPluginSample.csproj", "{C335E812-1593-4467-97D2-FB27B23A3A7D}"
EndProject
Project("{FAE04EC0-301F-11D3-BF4B-00C04F79EFBC}") = "Mnix.DialogPluginSample.Droid", "Mnix.DialogPluginSample.Droid\Mnix.DialogPluginSample.Droid.csproj", "{7A15369D-5727-45E9-9518-7C8EBC963157}"
EndProject
Project("{FAE04EC0-301F-11D3-BF4B-00C04F79EFBC}") = "Mnix.Plugins.Dialog", "..\..\Mnix.Plugins\Dialog\Mnix.Plugins.Dialog\Mnix.Plugins.Dialog.csproj", "{E8707414-01AA-4EE4-959C-23F0ECE66546}"
EndProject
Project("{FAE04EC0-301F-11D3-BF4B-00C04F79EFBC}") = "Mnix.Plugins.Dialog.Droid", "..\..\Mnix.Plugins\Dialog\Mnix.Plugins.Dialog.Droid\Mnix.Plugins.Dialog.Droid.csproj", "{242660CA-1642-44F9-AB82-8BED18E9A4FE}"
EndProject
Global
	GlobalSection(SolutionConfigurationPlatforms) = preSolution
		Debug|Any CPU = Debug|Any CPU
		Release|Any CPU = Release|Any CPU
	EndGlobalSection
	GlobalSection(ProjectConfigurationPlatforms) = postSolution
		{C335E812-1593-4467-97D2-FB27B23A3A7D}.Debug|Any CPU.ActiveCfg = Debug|Any CPU
		{C335E812-1593-4467-97D2-FB27B23A3A7D}.Debug|Any CPU.Build.0 = Debug|Any CPU
		{C335E812-1593-4467-97D2-FB27B23A3A7D}.Release|Any CPU.ActiveCfg = Release|Any CPU
		{C335E812-1593-4467-97D2-FB27B23A3A7D}.Release|Any CPU.Build.0 = Release|Any CPU
		{7A15369D-5727-45E9-9518-7C8EBC963157}.Debug|Any CPU.ActiveCfg = Debug|Any CPU
		{7A15369D-5727-45E9-9518-7C8EBC963157}.Debug|Any CPU.Build.0 = Debug|Any CPU
		{7A15369D-5727-45E9-9518-7C8EBC963157}.Debug|Any CPU.Deploy.0 = Debug|Any CPU
		{7A15369D-5727-45E9-9518-7C8EBC963157}.Release|Any CPU.ActiveCfg = Release|Any CPU
		{7A15369D-5727-45E9-9518-7C8EBC963157}.Release|Any CPU.Build.0 = Release|Any CPU
		{7A15369D-5727-45E9-9518-7C8EBC963157}.Release|Any CPU.Deploy.0 = Release|Any CPU
		{E8707414-01AA-4EE4-959C-23F0ECE66546}.Debug|Any CPU.ActiveCfg = Debug|Any CPU
		{E8707414-01AA-4EE4-959C-23F0ECE66546}.Debug|Any CPU.Build.0 = Debug|Any CPU
		{E8707414-01AA-4EE4-959C-23F0ECE66546}.Release|Any CPU.ActiveCfg = Release|Any CPU
		{E8707414-01AA-4EE4-959C-23F0ECE66546}.Release|Any CPU.Build.0 = Release|Any CPU
		{242660CA-1642-44F9-AB82-8BED18E9A4FE}.Debug|Any CPU.ActiveCfg = Debug|Any CPU
		{242660CA-1642-44F9-AB82-8BED18E9A4FE}.Debug|Any CPU.Build.0 = Debug|Any CPU
		{242660CA-1642-44F9-AB82-8BED18E9A4FE}.Release|Any CPU.ActiveCfg = Release|Any CPU
		{242660CA-1642-44F9-AB82-8BED18E9A4FE}.Release|Any CPU.Build.0 = Release|Any CPU
	EndGlobalSection
	GlobalSection(SolutionProperties) = preSolution
		HideSolutionNode = FALSE
	EndGlobalSection
EndGlobal
